
Microsoft Visual Studio Solution File, Format Version 12.00
# Visual Studio Version 17
VisualStudioVersion = 17.12.35521.163 d17.12
MinimumVisualStudioVersion = 10.0.40219.1
Project("{FAE04EC0-301F-11D3-BF4B-00C04F79EFBC}") = "i233047_i233091_ilteration2", "i233047_i233091_ilteration2.csproj", "{16978F34-1437-4473-A9B4-D12D85DBEAE9}"
EndProject
Global
	GlobalSection(SolutionConfigurationPlatforms) = preSolution
		Debug|Any CPU = Debug|Any CPU
		Release|Any CPU = Release|Any CPU
	EndGlobalSection
	GlobalSection(ProjectConfigurationPlatforms) = postSolution
		{16978F34-1437-4473-A9B4-D12D85DBEAE9}.Debug|Any CPU.ActiveCfg = Debug|Any CPU
		{16978F34-1437-4473-A9B4-D12D85DBEAE9}.Debug|Any CPU.Build.0 = Debug|Any CPU
		{16978F34-1437-4473-A9B4-D12D85DBEAE9}.Release|Any CPU.ActiveCfg = Release|Any CPU
		{16978F34-1437-4473-A9B4-D12D85DBEAE9}.Release|Any CPU.Build.0 = Release|Any CPU
	EndGlobalSection
	GlobalSection(SolutionProperties) = preSolution
		HideSolutionNode = FALSE
	EndGlobalSection
EndGlobal
